// !$*UTF8*$!
{
	archiveVersion = 1;
	classes = {
	};
	objectVersion = 55;
	objects = {

/* Begin PBXBuildFile section */
		612C0810288EEA1200644928 /* Revature_CodingChallengeApp.swift in Sources */ = {isa = PBXBuildFile; fileRef = 612C080F288EEA1200644928 /* Revature_CodingChallengeApp.swift */; };
		612C0812288EEA1200644928 /* ContentView.swift in Sources */ = {isa = PBXBuildFile; fileRef = 612C0811288EEA1200644928 /* ContentView.swift */; };
		612C0814288EEA1400644928 /* Assets.xcassets in Resources */ = {isa = PBXBuildFile; fileRef = 612C0813288EEA1400644928 /* Assets.xcassets */; };
		612C0817288EEA1400644928 /* Preview Assets.xcassets in Resources */ = {isa = PBXBuildFile; fileRef = 612C0816288EEA1400644928 /* Preview Assets.xcassets */; };
		612C0827288EEB2600644928 /* Services.swift in Sources */ = {isa = PBXBuildFile; fileRef = 612C0826288EEB2600644928 /* Services.swift */; };
		612C0829288EEBA700644928 /* ModelData.swift in Sources */ = {isa = PBXBuildFile; fileRef = 612C0828288EEBA700644928 /* ModelData.swift */; };
		612C0834288F0A2700644928 /* LandingPage.swift in Sources */ = {isa = PBXBuildFile; fileRef = 612C0833288F0A2700644928 /* LandingPage.swift */; };
		612C0836288F22A600644928 /* RandomBreweryPage.swift in Sources */ = {isa = PBXBuildFile; fileRef = 612C0835288F22A600644928 /* RandomBreweryPage.swift */; };
		612C083D288F238800644928 /* DetailsComponent.swift in Sources */ = {isa = PBXBuildFile; fileRef = 612C083C288F238800644928 /* DetailsComponent.swift */; };
/* End PBXBuildFile section */

/* Begin PBXFileReference section */
		612C080C288EEA1200644928 /* Revature.CodingChallenge.app */ = {isa = PBXFileReference; explicitFileType = wrapper.application; includeInIndex = 0; path = Revature.CodingChallenge.app; sourceTree = BUILT_PRODUCTS_DIR; };
		612C080F288EEA1200644928 /* Revature_CodingChallengeApp.swift */ = {isa = PBXFileReference; lastKnownFileType = sourcecode.swift; path = Revature_CodingChallengeApp.swift; sourceTree = "<group>"; };
		612C0811288EEA1200644928 /* ContentView.swift */ = {isa = PBXFileReference; lastKnownFileType = sourcecode.swift; path = ContentView.swift; sourceTree = "<group>"; };
		612C0813288EEA1400644928 /* Assets.xcassets */ = {isa = PBXFileReference; lastKnownFileType = folder.assetcatalog; path = Assets.xcassets; sourceTree = "<group>"; };
		612C0816288EEA1400644928 /* Preview Assets.xcassets */ = {isa = PBXFileReference; lastKnownFileType = folder.assetcatalog; path = "Preview Assets.xcassets"; sourceTree = "<group>"; };
		612C0826288EEB2600644928 /* Services.swift */ = {isa = PBXFileReference; lastKnownFileType = sourcecode.swift; path = Services.swift; sourceTree = "<group>"; };
		612C0828288EEBA700644928 /* ModelData.swift */ = {isa = PBXFileReference; lastKnownFileType = sourcecode.swift; path = ModelData.swift; sourceTree = "<group>"; };
		612C0833288F0A2700644928 /* LandingPage.swift */ = {isa = PBXFileReference; lastKnownFileType = sourcecode.swift; name = LandingPage.swift; path = Revature.CodingChallenge/LandingPage/folder/LandingPage.swift; sourceTree = SOURCE_ROOT; };
		612C0835288F22A600644928 /* RandomBreweryPage.swift */ = {isa = PBXFileReference; lastKnownFileType = sourcecode.swift; path = RandomBreweryPage.swift; sourceTree = "<group>"; };
		612C083C288F238800644928 /* DetailsComponent.swift */ = {isa = PBXFileReference; lastKnownFileType = sourcecode.swift; path = DetailsComponent.swift; sourceTree = "<group>"; };
/* End PBXFileReference section */

/* Begin PBXFrameworksBuildPhase section */
		612C0809288EEA1200644928 /* Frameworks */ = {
			isa = PBXFrameworksBuildPhase;
			buildActionMask = 2147483647;
			files = (
			);
			runOnlyForDeploymentPostprocessing = 0;
		};
/* End PBXFrameworksBuildPhase section */

/* Begin PBXGroup section */
		612C0803288EEA1100644928 = {
			isa = PBXGroup;
			children = (
				612C080E288EEA1200644928 /* Revature.CodingChallenge */,
				612C080D288EEA1200644928 /* Products */,
			);
			sourceTree = "<group>";
		};
		612C080D288EEA1200644928 /* Products */ = {
			isa = PBXGroup;
			children = (
				612C080C288EEA1200644928 /* Revature.CodingChallenge.app */,
			);
			name = Products;
			sourceTree = "<group>";
		};
		612C080E288EEA1200644928 /* Revature.CodingChallenge */ = {
			isa = PBXGroup;
			children = (
				612C0825288EEB1B00644928 /* Services */,
				612C081E288EEAD300644928 /* RandomBreweryPage */,
				612C081D288EEACC00644928 /* LandingPage */,
				612C080F288EEA1200644928 /* Revature_CodingChallengeApp.swift */,
				612C0811288EEA1200644928 /* ContentView.swift */,
				612C0813288EEA1400644928 /* Assets.xcassets */,
				612C0815288EEA1400644928 /* Preview Content */,
			);
			path = Revature.CodingChallenge;
			sourceTree = "<group>";
		};
		612C0815288EEA1400644928 /* Preview Content */ = {
			isa = PBXGroup;
			children = (
				612C0816288EEA1400644928 /* Preview Assets.xcassets */,
			);
			path = "Preview Content";
			sourceTree = "<group>";
		};
		612C081D288EEACC00644928 /* LandingPage */ = {
			isa = PBXGroup;
			children = (
				612C083B288F237100644928 /* folder */,
				612C0821288EEAE900644928 /* ViewModels */,
				612C0820288EEAE500644928 /* Models */,
			);
			path = LandingPage;
			sourceTree = "<group>";
		};
		612C081E288EEAD300644928 /* RandomBreweryPage */ = {
			isa = PBXGroup;
			children = (
				612C0824288EEAF600644928 /* ViewModels */,
				612C0823288EEAF200644928 /* Models */,
				612C0822288EEAEE00644928 /* Views */,
			);
			path = RandomBreweryPage;
			sourceTree = "<group>";
		};
		612C0820288EEAE500644928 /* Models */ = {
			isa = PBXGroup;
			children = (
				612C0828288EEBA700644928 /* ModelData.swift */,
			);
			path = Models;
			sourceTree = "<group>";
		};
		612C0821288EEAE900644928 /* ViewModels */ = {
			isa = PBXGroup;
			children = (
			);
			path = ViewModels;
			sourceTree = "<group>";
		};
		612C0822288EEAEE00644928 /* Views */ = {
			isa = PBXGroup;
			children = (
				612C0835288F22A600644928 /* RandomBreweryPage.swift */,
			);
			path = Views;
			sourceTree = "<group>";
		};
		612C0823288EEAF200644928 /* Models */ = {
			isa = PBXGroup;
			children = (
			);
			path = Models;
			sourceTree = "<group>";
		};
		612C0824288EEAF600644928 /* ViewModels */ = {
			isa = PBXGroup;
			children = (
			);
			path = ViewModels;
			sourceTree = "<group>";
		};
		612C0825288EEB1B00644928 /* Services */ = {
			isa = PBXGroup;
			children = (
				612C0826288EEB2600644928 /* Services.swift */,
			);
			path = Services;
			sourceTree = "<group>";
		};
		612C083B288F237100644928 /* folder */ = {
			isa = PBXGroup;
			children = (
				612C0833288F0A2700644928 /* LandingPage.swift */,
				612C083C288F238800644928 /* DetailsComponent.swift */,
			);
			path = folder;
			sourceTree = "<group>";
		};
/* End PBXGroup section */

/* Begin PBXNativeTarget section */
		612C080B288EEA1200644928 /* Revature.CodingChallenge */ = {
			isa = PBXNativeTarget;
			buildConfigurationList = 612C081A288EEA1400644928 /* Build configuration list for PBXNativeTarget "Revature.CodingChallenge" */;
			buildPhases = (
				612C0808288EEA1200644928 /* Sources */,
				612C0809288EEA1200644928 /* Frameworks */,
				612C080A288EEA1200644928 /* Resources */,
			);
			buildRules = (
			);
			dependencies = (
			);
			name = Revature.CodingChallenge;
			productName = Revature.CodingChallenge;
			productReference = 612C080C288EEA1200644928 /* Revature.CodingChallenge.app */;
			productType = "com.apple.product-type.application";
		};
/* End PBXNativeTarget section */

/* Begin PBXProject section */
		612C0804288EEA1100644928 /* Project object */ = {
			isa = PBXProject;
			attributes = {
				BuildIndependentTargetsInParallel = 1;
				LastSwiftUpdateCheck = 1330;
				LastUpgradeCheck = 1330;
				TargetAttributes = {
					612C080B288EEA1200644928 = {
						CreatedOnToolsVersion = 13.3.1;
					};
				};
			};
			buildConfigurationList = 612C0807288EEA1100644928 /* Build configuration list for PBXProject "Revature.CodingChallenge" */;
			compatibilityVersion = "Xcode 13.0";
			developmentRegion = en;
			hasScannedForEncodings = 0;
			knownRegions = (
				en,
				Base,
			);
			mainGroup = 612C0803288EEA1100644928;
			productRefGroup = 612C080D288EEA1200644928 /* Products */;
			projectDirPath = "";
			projectRoot = "";
			targets = (
				612C080B288EEA1200644928 /* Revature.CodingChallenge */,
			);
		};
/* End PBXProject section */

/* Begin PBXResourcesBuildPhase section */
		612C080A288EEA1200644928 /* Resources */ = {
			isa = PBXResourcesBuildPhase;
			buildActionMask = 2147483647;
			files = (
				612C0817288EEA1400644928 /* Preview Assets.xcassets in Resources */,
				612C0814288EEA1400644928 /* Assets.xcassets in Resources */,
			);
			runOnlyForDeploymentPostprocessing = 0;
		};
/* End PBXResourcesBuildPhase section */

/* Begin PBXSourcesBuildPhase section */
		612C0808288EEA1200644928 /* Sources */ = {
			isa = PBXSourcesBuildPhase;
			buildActionMask = 2147483647;
			files = (
				612C0812288EEA1200644928 /* ContentView.swift in Sources */,
				612C0834288F0A2700644928 /* LandingPage.swift in Sources */,
				612C0829288EEBA700644928 /* ModelData.swift in Sources */,
				612C0827288EEB2600644928 /* Services.swift in Sources */,
				612C0836288F22A600644928 /* RandomBreweryPage.swift in Sources */,
				612C083D288F238800644928 /* DetailsComponent.swift in Sources */,
				612C0810288EEA1200644928 /* Revature_CodingChallengeApp.swift in Sources */,
			);
			runOnlyForDeploymentPostprocessing = 0;
		};
/* End PBXSourcesBuildPhase section */

/* Begin XCBuildConfiguration section */
		612C0818288EEA1400644928 /* Debug */ = {
			isa = XCBuildConfiguration;
			buildSettings = {
				ALWAYS_SEARCH_USER_PATHS = NO;
				CLANG_ANALYZER_NONNULL = YES;
				CLANG_ANALYZER_NUMBER_OBJECT_CONVERSION = YES_AGGRESSIVE;
				CLANG_CXX_LANGUAGE_STANDARD = "gnu++17";
				CLANG_ENABLE_MODULES = YES;
				CLANG_ENABLE_OBJC_ARC = YES;
				CLANG_ENABLE_OBJC_WEAK = YES;
				CLANG_WARN_BLOCK_CAPTURE_AUTORELEASING = YES;
				CLANG_WARN_BOOL_CONVERSION = YES;
				CLANG_WARN_COMMA = YES;
				CLANG_WARN_CONSTANT_CONVERSION = YES;
				CLANG_WARN_DEPRECATED_OBJC_IMPLEMENTATIONS = YES;
				CLANG_WARN_DIRECT_OBJC_ISA_USAGE = YES_ERROR;
				CLANG_WARN_DOCUMENTATION_COMMENTS = YES;
				CLANG_WARN_EMPTY_BODY = YES;
				CLANG_WARN_ENUM_CONVERSION = YES;
				CLANG_WARN_INFINITE_RECURSION = YES;
				CLANG_WARN_INT_CONVERSION = YES;
				CLANG_WARN_NON_LITERAL_NULL_CONVERSION = YES;
				CLANG_WARN_OBJC_IMPLICIT_RETAIN_SELF = YES;
				CLANG_WARN_OBJC_LITERAL_CONVERSION = YES;
				CLANG_WARN_OBJC_ROOT_CLASS = YES_ERROR;
				CLANG_WARN_QUOTED_INCLUDE_IN_FRAMEWORK_HEADER = YES;
				CLANG_WARN_RANGE_LOOP_ANALYSIS = YES;
				CLANG_WARN_STRICT_PROTOTYPES = YES;
				CLANG_WARN_SUSPICIOUS_MOVE = YES;
				CLANG_WARN_UNGUARDED_AVAILABILITY = YES_AGGRESSIVE;
				CLANG_WARN_UNREACHABLE_CODE = YES;
				CLANG_WARN__DUPLICATE_METHOD_MATCH = YES;
				COPY_PHASE_STRIP = NO;
				DEBUG_INFORMATION_FORMAT = dwarf;
				ENABLE_STRICT_OBJC_MSGSEND = YES;
				ENABLE_TESTABILITY = YES;
				GCC_C_LANGUAGE_STANDARD = gnu11;
				GCC_DYNAMIC_NO_PIC = NO;
				GCC_NO_COMMON_BLOCKS = YES;
				GCC_OPTIMIZATION_LEVEL = 0;
				GCC_PREPROCESSOR_DEFINITIONS = (
					"DEBUG=1",
					"$(inherited)",
				);
				GCC_WARN_64_TO_32_BIT_CONVERSION = YES;
				GCC_WARN_ABOUT_RETURN_TYPE = YES_ERROR;
				GCC_WARN_UNDECLARED_SELECTOR = YES;
				GCC_WARN_UNINITIALIZED_AUTOS = YES_AGGRESSIVE;
				GCC_WARN_UNUSED_FUNCTION = YES;
				GCC_WARN_UNUSED_VARIABLE = YES;
				IPHONEOS_DEPLOYMENT_TARGET = 15.4;
				MTL_ENABLE_DEBUG_INFO = INCLUDE_SOURCE;
				MTL_FAST_MATH = YES;
				ONLY_ACTIVE_ARCH = YES;
				SDKROOT = iphoneos;
				SWIFT_ACTIVE_COMPILATION_CONDITIONS = DEBUG;
				SWIFT_OPTIMIZATION_LEVEL = "-Onone";
			};
			name = Debug;
		};
		612C0819288EEA1400644928 /* Release */ = {
			isa = XCBuildConfiguration;
			buildSettings = {
				ALWAYS_SEARCH_USER_PATHS = NO;
				CLANG_ANALYZER_NONNULL = YES;
				CLANG_ANALYZER_NUMBER_OBJECT_CONVERSION = YES_AGGRESSIVE;
				CLANG_CXX_LANGUAGE_STANDARD = "gnu++17";
				CLANG_ENABLE_MODULES = YES;
				CLANG_ENABLE_OBJC_ARC = YES;
				CLANG_ENABLE_OBJC_WEAK = YES;
				CLANG_WARN_BLOCK_CAPTURE_AUTORELEASING = YES;
				CLANG_WARN_BOOL_CONVERSION = YES;
				CLANG_WARN_COMMA = YES;
				CLANG_WARN_CONSTANT_CONVERSION = YES;
				CLANG_WARN_DEPRECATED_OBJC_IMPLEMENTATIONS = YES;
				CLANG_WARN_DIRECT_OBJC_ISA_USAGE = YES_ERROR;
				CLANG_WARN_DOCUMENTATION_COMMENTS = YES;
				CLANG_WARN_EMPTY_BODY = YES;
				CLANG_WARN_ENUM_CONVERSION = YES;
				CLANG_WARN_INFINITE_RECURSION = YES;
				CLANG_WARN_INT_CONVERSION = YES;
				CLANG_WARN_NON_LITERAL_NULL_CONVERSION = YES;
				CLANG_WARN_OBJC_IMPLICIT_RETAIN_SELF = YES;
				CLANG_WARN_OBJC_LITERAL_CONVERSION = YES;
				CLANG_WARN_OBJC_ROOT_CLASS = YES_ERROR;
				CLANG_WARN_QUOTED_INCLUDE_IN_FRAMEWORK_HEADER = YES;
				CLANG_WARN_RANGE_LOOP_ANALYSIS = YES;
				CLANG_WARN_STRICT_PROTOTYPES = YES;
				CLANG_WARN_SUSPICIOUS_MOVE = YES;
				CLANG_WARN_UNGUARDED_AVAILABILITY = YES_AGGRESSIVE;
				CLANG_WARN_UNREACHABLE_CODE = YES;
				CLANG_WARN__DUPLICATE_METHOD_MATCH = YES;
				COPY_PHASE_STRIP = NO;
				DEBUG_INFORMATION_FORMAT = "dwarf-with-dsym";
				ENABLE_NS_ASSERTIONS = NO;
				ENABLE_STRICT_OBJC_MSGSEND = YES;
				GCC_C_LANGUAGE_STANDARD = gnu11;
				GCC_NO_COMMON_BLOCKS = YES;
				GCC_WARN_64_TO_32_BIT_CONVERSION = YES;
				GCC_WARN_ABOUT_RETURN_TYPE = YES_ERROR;
				GCC_WARN_UNDECLARED_SELECTOR = YES;
				GCC_WARN_UNINITIALIZED_AUTOS = YES_AGGRESSIVE;
				GCC_WARN_UNUSED_FUNCTION = YES;
				GCC_WARN_UNUSED_VARIABLE = YES;
				IPHONEOS_DEPLOYMENT_TARGET = 15.4;
				MTL_ENABLE_DEBUG_INFO = NO;
				MTL_FAST_MATH = YES;
				SDKROOT = iphoneos;
				SWIFT_COMPILATION_MODE = wholemodule;
				SWIFT_OPTIMIZATION_LEVEL = "-O";
				VALIDATE_PRODUCT = YES;
			};
			name = Release;
		};
		612C081B288EEA1400644928 /* Debug */ = {
			isa = XCBuildConfiguration;
			buildSettings = {
				ASSETCATALOG_COMPILER_APPICON_NAME = AppIcon;
				ASSETCATALOG_COMPILER_GLOBAL_ACCENT_COLOR_NAME = AccentColor;
				CODE_SIGN_STYLE = Automatic;
				CURRENT_PROJECT_VERSION = 1;
				DEVELOPMENT_ASSET_PATHS = "\"Revature.CodingChallenge/Preview Content\"";
				DEVELOPMENT_TEAM = G5MA7JP2RR;
				ENABLE_PREVIEWS = YES;
				GENERATE_INFOPLIST_FILE = YES;
				INFOPLIST_KEY_UIApplicationSceneManifest_Generation = YES;
				INFOPLIST_KEY_UIApplicationSupportsIndirectInputEvents = YES;
				INFOPLIST_KEY_UILaunchScreen_Generation = YES;
				INFOPLIST_KEY_UISupportedInterfaceOrientations_iPad = "UIInterfaceOrientationPortrait UIInterfaceOrientationPortraitUpsideDown UIInterfaceOrientationLandscapeLeft UIInterfaceOrientationLandscapeRight";
				INFOPLIST_KEY_UISupportedInterfaceOrientations_iPhone = "UIInterfaceOrientationPortrait UIInterfaceOrientationLandscapeLeft UIInterfaceOrientationLandscapeRight";
				LD_RUNPATH_SEARCH_PATHS = (
					"$(inherited)",
					"@executable_path/Frameworks",
				);
				MARKETING_VERSION = 1.0;
				PRODUCT_BUNDLE_IDENTIFIER = "vince.myprojects.Revature-CodingChallenge";
				PRODUCT_NAME = "$(TARGET_NAME)";
				SWIFT_EMIT_LOC_STRINGS = YES;
				SWIFT_VERSION = 5.0;
				TARGETED_DEVICE_FAMILY = "1,2";
			};
			name = Debug;
		};
		612C081C288EEA1400644928 /* Release */ = {
			isa = XCBuildConfiguration;
			buildSettings = {
				ASSETCATALOG_COMPILER_APPICON_NAME = AppIcon;
				ASSETCATALOG_COMPILER_GLOBAL_ACCENT_COLOR_NAME = AccentColor;
				CODE_SIGN_STYLE = Automatic;
				CURRENT_PROJECT_VERSION = 1;
				DEVELOPMENT_ASSET_PATHS = "\"Revature.CodingChallenge/Preview Content\"";
				DEVELOPMENT_TEAM = G5MA7JP2RR;
				ENABLE_PREVIEWS = YES;
				GENERATE_INFOPLIST_FILE = YES;
				INFOPLIST_KEY_UIApplicationSceneManifest_Generation = YES;
				INFOPLIST_KEY_UIApplicationSupportsIndirectInputEvents = YES;
				INFOPLIST_KEY_UILaunchScreen_Generation = YES;
				INFOPLIST_KEY_UISupportedInterfaceOrientations_iPad = "UIInterfaceOrientationPortrait UIInterfaceOrientationPortraitUpsideDown UIInterfaceOrientationLandscapeLeft UIInterfaceOrientationLandscapeRight";
				INFOPLIST_KEY_UISupportedInterfaceOrientations_iPhone = "UIInterfaceOrientationPortrait UIInterfaceOrientationLandscapeLeft UIInterfaceOrientationLandscapeRight";
				LD_RUNPATH_SEARCH_PATHS = (
					"$(inherited)",
					"@executable_path/Frameworks",
				);
				MARKETING_VERSION = 1.0;
				PRODUCT_BUNDLE_IDENTIFIER = "vince.myprojects.Revature-CodingChallenge";
				PRODUCT_NAME = "$(TARGET_NAME)";
				SWIFT_EMIT_LOC_STRINGS = YES;
				SWIFT_VERSION = 5.0;
				TARGETED_DEVICE_FAMILY = "1,2";
			};
			name = Release;
		};
/* End XCBuildConfiguration section */

/* Begin XCConfigurationList section */
		612C0807288EEA1100644928 /* Build configuration list for PBXProject "Revature.CodingChallenge" */ = {
			isa = XCConfigurationList;
			buildConfigurations = (
				612C0818288EEA1400644928 /* Debug */,
				612C0819288EEA1400644928 /* Release */,
			);
			defaultConfigurationIsVisible = 0;
			defaultConfigurationName = Release;
		};
		612C081A288EEA1400644928 /* Build configuration list for PBXNativeTarget "Revature.CodingChallenge" */ = {
			isa = XCConfigurationList;
			buildConfigurations = (
				612C081B288EEA1400644928 /* Debug */,
				612C081C288EEA1400644928 /* Release */,
			);
			defaultConfigurationIsVisible = 0;
			defaultConfigurationName = Release;
		};
/* End XCConfigurationList section */
	};
	rootObject = 612C0804288EEA1100644928 /* Project object */;
}
